
Microsoft Visual Studio Solution File, Format Version 12.00
# Visual Studio Version 16
VisualStudioVersion = 16.0.29020.237
MinimumVisualStudioVersion = 10.0.40219.1
Project("{FAE04EC0-301F-11D3-BF4B-00C04F79EFBC}") = "OOP_ShapesProject", "OOP_ShapesProject\OOP_ShapesProject.csproj", "{3E57264A-24A1-416B-8667-596F71A794E6}"
EndProject
Global
	GlobalSection(SolutionConfigurationPlatforms) = preSolution
		Debug|Any CPU = Debug|Any CPU
		Release|Any CPU = Release|Any CPU
	EndGlobalSection
	GlobalSection(ProjectConfigurationPlatforms) = postSolution
		{3E57264A-24A1-416B-8667-596F71A794E6}.Debug|Any CPU.ActiveCfg = Debug|Any CPU
		{3E57264A-24A1-416B-8667-596F71A794E6}.Debug|Any CPU.Build.0 = Debug|Any CPU
		{3E57264A-24A1-416B-8667-596F71A794E6}.Release|Any CPU.ActiveCfg = Release|Any CPU
		{3E57264A-24A1-416B-8667-596F71A794E6}.Release|Any CPU.Build.0 = Release|Any CPU
	EndGlobalSection
	GlobalSection(SolutionProperties) = preSolution
		HideSolutionNode = FALSE
	EndGlobalSection
	GlobalSection(ExtensibilityGlobals) = postSolution
		SolutionGuid = {7092FA55-2CAB-441F-91E7-1A9488BA1DA1}
	EndGlobalSection
EndGlobal
